
Microsoft Visual Studio Solution File, Format Version 12.00
# Visual Studio Version 17
VisualStudioVersion = 17.14.36603.0
MinimumVisualStudioVersion = 10.0.40219.1
Project("{FAE04EC0-301F-11D3-BF4B-00C04F79EFBC}") = "DocumentIntelligence.Modules.Receipt", "DocumentIntelligence.Modules.Receipt\DocumentIntelligence.Modules.Receipt.csproj", "{5A4271A7-591E-4E52-8686-62445331F1FE}"
EndProject
Project("{FAE04EC0-301F-11D3-BF4B-00C04F79EFBC}") = "DocumentIntelligence.Api", "DocumentIntelligence.Api\DocumentIntelligence.Api.csproj", "{AB994C92-676E-7B9D-981A-6CF115FB50FD}"
EndProject
Project("{FAE04EC0-301F-11D3-BF4B-00C04F79EFBC}") = "DocumentIntelligence.Modules.Invoice", "DocumentIntelligence.Modules.Invoice\DocumentIntelligence.Modules.Invoice.csproj", "{98CDDC14-A331-4591-8696-88A3179D2B6C}"
EndProject
Project("{FAE04EC0-301F-11D3-BF4B-00C04F79EFBC}") = "DocumentIntelligence.Common", "DocumentIntelligence.Common\DocumentIntelligence.Common.csproj", "{6915C0C2-6985-4F43-99D8-25E7A0CF93F9}"
EndProject
Global
	GlobalSection(SolutionConfigurationPlatforms) = preSolution
		Debug|Any CPU = Debug|Any CPU
		Release|Any CPU = Release|Any CPU
	EndGlobalSection
	GlobalSection(ProjectConfigurationPlatforms) = postSolution
		{5A4271A7-591E-4E52-8686-62445331F1FE}.Debug|Any CPU.ActiveCfg = Debug|Any CPU
		{5A4271A7-591E-4E52-8686-62445331F1FE}.Debug|Any CPU.Build.0 = Debug|Any CPU
		{5A4271A7-591E-4E52-8686-62445331F1FE}.Release|Any CPU.ActiveCfg = Release|Any CPU
		{5A4271A7-591E-4E52-8686-62445331F1FE}.Release|Any CPU.Build.0 = Release|Any CPU
		{AB994C92-676E-7B9D-981A-6CF115FB50FD}.Debug|Any CPU.ActiveCfg = Debug|Any CPU
		{AB994C92-676E-7B9D-981A-6CF115FB50FD}.Debug|Any CPU.Build.0 = Debug|Any CPU
		{AB994C92-676E-7B9D-981A-6CF115FB50FD}.Release|Any CPU.ActiveCfg = Release|Any CPU
		{AB994C92-676E-7B9D-981A-6CF115FB50FD}.Release|Any CPU.Build.0 = Release|Any CPU
		{98CDDC14-A331-4591-8696-88A3179D2B6C}.Debug|Any CPU.ActiveCfg = Debug|Any CPU
		{98CDDC14-A331-4591-8696-88A3179D2B6C}.Debug|Any CPU.Build.0 = Debug|Any CPU
		{98CDDC14-A331-4591-8696-88A3179D2B6C}.Release|Any CPU.ActiveCfg = Release|Any CPU
		{98CDDC14-A331-4591-8696-88A3179D2B6C}.Release|Any CPU.Build.0 = Release|Any CPU
		{6915C0C2-6985-4F43-99D8-25E7A0CF93F9}.Debug|Any CPU.ActiveCfg = Debug|Any CPU
		{6915C0C2-6985-4F43-99D8-25E7A0CF93F9}.Debug|Any CPU.Build.0 = Debug|Any CPU
		{6915C0C2-6985-4F43-99D8-25E7A0CF93F9}.Release|Any CPU.ActiveCfg = Release|Any CPU
		{6915C0C2-6985-4F43-99D8-25E7A0CF93F9}.Release|Any CPU.Build.0 = Release|Any CPU
	EndGlobalSection
	GlobalSection(SolutionProperties) = preSolution
		HideSolutionNode = FALSE
	EndGlobalSection
	GlobalSection(ExtensibilityGlobals) = postSolution
		SolutionGuid = {BA80EBCC-0B05-48A6-A6A5-2788F17776CC}
	EndGlobalSection
EndGlobal
